
Microsoft Visual Studio Solution File, Format Version 12.00
# Visual Studio Version 16
VisualStudioVersion = 16.0.30011.22
MinimumVisualStudioVersion = 10.0.40219.1
Project("{FAE04EC0-301F-11D3-BF4B-00C04F79EFBC}") = "Cons", "Cons\Cons.csproj", "{C724AE76-46D1-49C6-9C10-18B19C33F04A}"
EndProject
Global
	GlobalSection(SolutionConfigurationPlatforms) = preSolution
		Debug|Any CPU = Debug|Any CPU
		Release|Any CPU = Release|Any CPU
	EndGlobalSection
	GlobalSection(ProjectConfigurationPlatforms) = postSolution
		{C724AE76-46D1-49C6-9C10-18B19C33F04A}.Debug|Any CPU.ActiveCfg = Debug|Any CPU
		{C724AE76-46D1-49C6-9C10-18B19C33F04A}.Debug|Any CPU.Build.0 = Debug|Any CPU
		{C724AE76-46D1-49C6-9C10-18B19C33F04A}.Release|Any CPU.ActiveCfg = Release|Any CPU
		{C724AE76-46D1-49C6-9C10-18B19C33F04A}.Release|Any CPU.Build.0 = Release|Any CPU
	EndGlobalSection
	GlobalSection(SolutionProperties) = preSolution
		HideSolutionNode = FALSE
	EndGlobalSection
	GlobalSection(ExtensibilityGlobals) = postSolution
		SolutionGuid = {DFDB5B2E-2035-43B6-8795-D6C51F609C0A}
	EndGlobalSection
EndGlobal
